PODS:
  - Alamofire (4.2.0)
  - AlamofireObjectMapper (4.0.1):
    - Alamofire (~> 4.1)
    - ObjectMapper (~> 2.0)
  - ObjectMapper (2.2.2)
  - Realm (2.1.2):
    - Realm/Headers (= 2.1.2)
  - Realm/Headers (2.1.2)
  - RealmSwift (2.1.2):
    - Realm (= 2.1.2)
  - Reqres (2.0.0)
  - RxCocoa (3.1.0):
    - RxSwift (~> 3.1)
  - RxSwift (3.1.0)
  - SwiftyBeaver (1.1.1)

DEPENDENCIES:
  - Alamofire (~> 4.1)
  - AlamofireObjectMapper (~> 4.0)
  - ObjectMapper (~> 2.0)
  - RealmSwift
  - Reqres (~> 2.0.0)
  - RxCocoa (~> 3.0)
  - RxSwift (~> 3.0)
  - SwiftyBeaver (~> 1.1.1)

SPEC CHECKSUMS:
  Alamofire: aa2e09d871c9160ac53c90e83c68064a94e3dfbe
  AlamofireObjectMapper: 842d2eed43a4d0593ff0110d54ac86a170c4519c
  ObjectMapper: 9e385c2295bcc4e16eabbcfc85db801442bba545
  Realm: efe855f4d977c8ce5a82d3116d9f1ff155a6550c
  RealmSwift: 17d6ee30b6f9df86364408c2197492e33bfea567
  Reqres: 7027a575c1539c9635ff11ecf04d49cdf30a2f0a
  RxCocoa: 50d7564866da9299161e86a263ce12a0873904d8
  RxSwift: 83ff553e7593fdfdcb2562933a64c0284dffdadc
  SwiftyBeaver: 2b68694df862381235e32bcfc4ec991e26bf131d

PODFILE CHECKSUM: 0ea8b0c1422764fa75dba436bcf60e74a30d0182

COCOAPODS: 1.2.0.beta.3
